
Microsoft Visual Studio Solution File, Format Version 12.00
# Visual Studio Version 17
VisualStudioVersion = 17.14.36401.2
MinimumVisualStudioVersion = 10.0.40219.1
Project("{FAE04EC0-301F-11D3-BF4B-00C04F79EFBC}") = "GestorLaboratorio", "GestorLaboratorio\GestorLaboratorio.csproj", "{411D90E4-84C0-4A62-94F3-E9F6D0A6607B}"
EndProject
Project("{FAE04EC0-301F-11D3-BF4B-00C04F79EFBC}") = "Entidades", "Entidades\Entidades.csproj", "{CA0C33D2-B166-4FA9-8BFB-8F2574D7F767}"
EndProject
Project("{FAE04EC0-301F-11D3-BF4B-00C04F79EFBC}") = "Persistencia", "Persistencia\Persistencia.csproj", "{35414333-2163-4FDC-8BED-48D6303C70AF}"
EndProject
Project("{FAE04EC0-301F-11D3-BF4B-00C04F79EFBC}") = "Dominio", "Dominio\Dominio.csproj", "{2A47ECEB-F5D3-4E95-9D09-4B36FA534267}"
EndProject
Global
	GlobalSection(SolutionConfigurationPlatforms) = preSolution
		Debug|Any CPU = Debug|Any CPU
		Release|Any CPU = Release|Any CPU
	EndGlobalSection
	GlobalSection(ProjectConfigurationPlatforms) = postSolution
		{411D90E4-84C0-4A62-94F3-E9F6D0A6607B}.Debug|Any CPU.ActiveCfg = Debug|Any CPU
		{411D90E4-84C0-4A62-94F3-E9F6D0A6607B}.Debug|Any CPU.Build.0 = Debug|Any CPU
		{411D90E4-84C0-4A62-94F3-E9F6D0A6607B}.Release|Any CPU.ActiveCfg = Release|Any CPU
		{411D90E4-84C0-4A62-94F3-E9F6D0A6607B}.Release|Any CPU.Build.0 = Release|Any CPU
		{CA0C33D2-B166-4FA9-8BFB-8F2574D7F767}.Debug|Any CPU.ActiveCfg = Debug|Any CPU
		{CA0C33D2-B166-4FA9-8BFB-8F2574D7F767}.Debug|Any CPU.Build.0 = Debug|Any CPU
		{CA0C33D2-B166-4FA9-8BFB-8F2574D7F767}.Release|Any CPU.ActiveCfg = Release|Any CPU
		{CA0C33D2-B166-4FA9-8BFB-8F2574D7F767}.Release|Any CPU.Build.0 = Release|Any CPU
		{35414333-2163-4FDC-8BED-48D6303C70AF}.Debug|Any CPU.ActiveCfg = Debug|Any CPU
		{35414333-2163-4FDC-8BED-48D6303C70AF}.Debug|Any CPU.Build.0 = Debug|Any CPU
		{35414333-2163-4FDC-8BED-48D6303C70AF}.Release|Any CPU.ActiveCfg = Release|Any CPU
		{35414333-2163-4FDC-8BED-48D6303C70AF}.Release|Any CPU.Build.0 = Release|Any CPU
		{2A47ECEB-F5D3-4E95-9D09-4B36FA534267}.Debug|Any CPU.ActiveCfg = Debug|Any CPU
		{2A47ECEB-F5D3-4E95-9D09-4B36FA534267}.Debug|Any CPU.Build.0 = Debug|Any CPU
		{2A47ECEB-F5D3-4E95-9D09-4B36FA534267}.Release|Any CPU.ActiveCfg = Release|Any CPU
		{2A47ECEB-F5D3-4E95-9D09-4B36FA534267}.Release|Any CPU.Build.0 = Release|Any CPU
	EndGlobalSection
	GlobalSection(SolutionProperties) = preSolution
		HideSolutionNode = FALSE
	EndGlobalSection
	GlobalSection(ExtensibilityGlobals) = postSolution
		SolutionGuid = {F64FF61F-CD69-4BE8-81EF-F91581B2968B}
	EndGlobalSection
EndGlobal
